// !$*UTF8*$!
{
	archiveVersion = 1;
	classes = {
	};
	objectVersion = 46;
	objects = {

/* Begin PBXBuildFile section */
		13B1C9A5196F015E00C02F2A /* Foundation.framework in Frameworks */ = {isa = PBXBuildFile; fileRef = 13B1C9A4196F015E00C02F2A /* Foundation.framework */; };
		13B1C9A7196F015E00C02F2A /* CoreGraphics.framework in Frameworks */ = {isa = PBXBuildFile; fileRef = 13B1C9A6196F015E00C02F2A /* CoreGraphics.framework */; };
		13B1C9A9196F015E00C02F2A /* UIKit.framework in Frameworks */ = {isa = PBXBuildFile; fileRef = 13B1C9A8196F015E00C02F2A /* UIKit.framework */; };
		13B1C9AF196F015E00C02F2A /* InfoPlist.strings in Resources */ = {isa = PBXBuildFile; fileRef = 13B1C9AD196F015E00C02F2A /* InfoPlist.strings */; };
		13B1C9B1196F015E00C02F2A /* main.m in Sources */ = {isa = PBXBuildFile; fileRef = 13B1C9B0196F015E00C02F2A /* main.m */; };
		13B1C9B5196F015E00C02F2A /* AppDelegate.m in Sources */ = {isa = PBXBuildFile; fileRef = 13B1C9B4196F015E00C02F2A /* AppDelegate.m */; };
		13B1C9B7196F015E00C02F2A /* Images.xcassets in Resources */ = {isa = PBXBuildFile; fileRef = 13B1C9B6196F015E00C02F2A /* Images.xcassets */; };
		13B1C9BE196F015E00C02F2A /* XCTest.framework in Frameworks */ = {isa = PBXBuildFile; fileRef = 13B1C9BD196F015E00C02F2A /* XCTest.framework */; };
		13B1C9BF196F015E00C02F2A /* Foundation.framework in Frameworks */ = {isa = PBXBuildFile; fileRef = 13B1C9A4196F015E00C02F2A /* Foundation.framework */; };
		13B1C9C0196F015E00C02F2A /* UIKit.framework in Frameworks */ = {isa = PBXBuildFile; fileRef = 13B1C9A8196F015E00C02F2A /* UIKit.framework */; };
		13B1C9C8196F015E00C02F2A /* InfoPlist.strings in Resources */ = {isa = PBXBuildFile; fileRef = 13B1C9C6196F015E00C02F2A /* InfoPlist.strings */; };
		13B1C9CA196F015E00C02F2A /* week6Tests.m in Sources */ = {isa = PBXBuildFile; fileRef = 13B1C9C9196F015E00C02F2A /* week6Tests.m */; };
/* End PBXBuildFile section */

/* Begin PBXContainerItemProxy section */
		13B1C9C1196F015E00C02F2A /* PBXContainerItemProxy */ = {
			isa = PBXContainerItemProxy;
			containerPortal = 13B1C999196F015E00C02F2A /* Project object */;
			proxyType = 1;
			remoteGlobalIDString = 13B1C9A0196F015E00C02F2A;
			remoteInfo = week6;
		};
/* End PBXContainerItemProxy section */

/* Begin PBXFileReference section */
		13B1C9A1196F015E00C02F2A /* week6.app */ = {isa = PBXFileReference; explicitFileType = wrapper.application; includeInIndex = 0; path = week6.app; sourceTree = BUILT_PRODUCTS_DIR; };
		13B1C9A4196F015E00C02F2A /* Foundation.framework */ = {isa = PBXFileReference; lastKnownFileType = wrapper.framework; name = Foundation.framework; path = System/Library/Frameworks/Foundation.framework; sourceTree = SDKROOT; };
		13B1C9A6196F015E00C02F2A /* CoreGraphics.framework */ = {isa = PBXFileReference; lastKnownFileType = wrapper.framework; name = CoreGraphics.framework; path = System/Library/Frameworks/CoreGraphics.framework; sourceTree = SDKROOT; };
		13B1C9A8196F015E00C02F2A /* UIKit.framework */ = {isa = PBXFileReference; lastKnownFileType = wrapper.framework; name = UIKit.framework; path = System/Library/Frameworks/UIKit.framework; sourceTree = SDKROOT; };
		13B1C9AC196F015E00C02F2A /* week6-Info.plist */ = {isa = PBXFileReference; lastKnownFileType = text.plist.xml; path = "week6-Info.plist"; sourceTree = "<group>"; };
		13B1C9AE196F015E00C02F2A /* en */ = {isa = PBXFileReference; lastKnownFileType = text.plist.strings; name = en; path = en.lproj/InfoPlist.strings; sourceTree = "<group>"; };
		13B1C9B0196F015E00C02F2A /* main.m */ = {isa = PBXFileReference; lastKnownFileType = sourcecode.c.objc; path = main.m; sourceTree = "<group>"; };
		13B1C9B2196F015E00C02F2A /* week6-Prefix.pch */ = {isa = PBXFileReference; lastKnownFileType = sourcecode.c.h; path = "week6-Prefix.pch"; sourceTree = "<group>"; };
		13B1C9B3196F015E00C02F2A /* AppDelegate.h */ = {isa = PBXFileReference; lastKnownFileType = sourcecode.c.h; path = AppDelegate.h; sourceTree = "<group>"; };
		13B1C9B4196F015E00C02F2A /* AppDelegate.m */ = {isa = PBXFileReference; lastKnownFileType = sourcecode.c.objc; path = AppDelegate.m; sourceTree = "<group>"; };
		13B1C9B6196F015E00C02F2A /* Images.xcassets */ = {isa = PBXFileReference; lastKnownFileType = folder.assetcatalog; path = Images.xcassets; sourceTree = "<group>"; };
		13B1C9BC196F015E00C02F2A /* week6Tests.xctest */ = {isa = PBXFileReference; explicitFileType = wrapper.cfbundle; includeInIndex = 0; path = week6Tests.xctest; sourceTree = BUILT_PRODUCTS_DIR; };
		13B1C9BD196F015E00C02F2A /* XCTest.framework */ = {isa = PBXFileReference; lastKnownFileType = wrapper.framework; name = XCTest.framework; path = Library/Frameworks/XCTest.framework; sourceTree = DEVELOPER_DIR; };
		13B1C9C5196F015E00C02F2A /* week6Tests-Info.plist */ = {isa = PBXFileReference; lastKnownFileType = text.plist.xml; path = "week6Tests-Info.plist"; sourceTree = "<group>"; };
		13B1C9C7196F015E00C02F2A /* en */ = {isa = PBXFileReference; lastKnownFileType = text.plist.strings; name = en; path = en.lproj/InfoPlist.strings; sourceTree = "<group>"; };
		13B1C9C9196F015E00C02F2A /* week6Tests.m */ = {isa = PBXFileReference; lastKnownFileType = sourcecode.c.objc; path = week6Tests.m; sourceTree = "<group>"; };
/* End PBXFileReference section */

/* Begin PBXFrameworksBuildPhase section */
		13B1C99E196F015E00C02F2A /* Frameworks */ = {
			isa = PBXFrameworksBuildPhase;
			buildActionMask = 2147483647;
			files = (
				13B1C9A7196F015E00C02F2A /* CoreGraphics.framework in Frameworks */,
				13B1C9A9196F015E00C02F2A /* UIKit.framework in Frameworks */,
				13B1C9A5196F015E00C02F2A /* Foundation.framework in Frameworks */,
			);
			runOnlyForDeploymentPostprocessing = 0;
		};
		13B1C9B9196F015E00C02F2A /* Frameworks */ = {
			isa = PBXFrameworksBuildPhase;
			buildActionMask = 2147483647;
			files = (
				13B1C9BE196F015E00C02F2A /* XCTest.framework in Frameworks */,
				13B1C9C0196F015E00C02F2A /* UIKit.framework in Frameworks */,
				13B1C9BF196F015E00C02F2A /* Foundation.framework in Frameworks */,
			);
			runOnlyForDeploymentPostprocessing = 0;
		};
/* End PBXFrameworksBuildPhase section */

/* Begin PBXGroup section */
		13B1C998196F015E00C02F2A = {
			isa = PBXGroup;
			children = (
				13B1C9AA196F015E00C02F2A /* week6 */,
				13B1C9C3196F015E00C02F2A /* week6Tests */,
				13B1C9A3196F015E00C02F2A /* Frameworks */,
				13B1C9A2196F015E00C02F2A /* Products */,
			);
			sourceTree = "<group>";
		};
		13B1C9A2196F015E00C02F2A /* Products */ = {
			isa = PBXGroup;
			children = (
				13B1C9A1196F015E00C02F2A /* week6.app */,
				13B1C9BC196F015E00C02F2A /* week6Tests.xctest */,
			);
			name = Products;
			sourceTree = "<group>";
		};
		13B1C9A3196F015E00C02F2A /* Frameworks */ = {
			isa = PBXGroup;
			children = (
				13B1C9A4196F015E00C02F2A /* Foundation.framework */,
				13B1C9A6196F015E00C02F2A /* CoreGraphics.framework */,
				13B1C9A8196F015E00C02F2A /* UIKit.framework */,
				13B1C9BD196F015E00C02F2A /* XCTest.framework */,
			);
			name = Frameworks;
			sourceTree = "<group>";
		};
		13B1C9AA196F015E00C02F2A /* week6 */ = {
			isa = PBXGroup;
			children = (
				13B1C9B3196F015E00C02F2A /* AppDelegate.h */,
				13B1C9B4196F015E00C02F2A /* AppDelegate.m */,
				13B1C9B6196F015E00C02F2A /* Images.xcassets */,
				13B1C9AB196F015E00C02F2A /* Supporting Files */,
			);
			path = week6;
			sourceTree = "<group>";
		};
		13B1C9AB196F015E00C02F2A /* Supporting Files */ = {
			isa = PBXGroup;
			children = (
				13B1C9AC196F015E00C02F2A /* week6-Info.plist */,
				13B1C9AD196F015E00C02F2A /* InfoPlist.strings */,
				13B1C9B0196F015E00C02F2A /* main.m */,
				13B1C9B2196F015E00C02F2A /* week6-Prefix.pch */,
			);
			name = "Supporting Files";
			sourceTree = "<group>";
		};
		13B1C9C3196F015E00C02F2A /* week6Tests */ = {
			isa = PBXGroup;
			children = (
				13B1C9C9196F015E00C02F2A /* week6Tests.m */,
				13B1C9C4196F015E00C02F2A /* Supporting Files */,
			);
			path = week6Tests;
			sourceTree = "<group>";
		};
		13B1C9C4196F015E00C02F2A /* Supporting Files */ = {
			isa = PBXGroup;
			children = (
				13B1C9C5196F015E00C02F2A /* week6Tests-Info.plist */,
				13B1C9C6196F015E00C02F2A /* InfoPlist.strings */,
			);
			name = "Supporting Files";
			sourceTree = "<group>";
		};
/* End PBXGroup section */

/* Begin PBXNativeTarget section */
		13B1C9A0196F015E00C02F2A /* week6 */ = {
			isa = PBXNativeTarget;
			buildConfigurationList = 13B1C9CD196F015E00C02F2A /* Build configuration list for PBXNativeTarget "week6" */;
			buildPhases = (
				13B1C99D196F015E00C02F2A /* Sources */,
				13B1C99E196F015E00C02F2A /* Frameworks */,
				13B1C99F196F015E00C02F2A /* Resources */,
			);
			buildRules = (
			);
			dependencies = (
			);
			name = week6;
			productName = week6;
			productReference = 13B1C9A1196F015E00C02F2A /* week6.app */;
			productType = "com.apple.product-type.application";
		};
		13B1C9BB196F015E00C02F2A /* week6Tests */ = {
			isa = PBXNativeTarget;
			buildConfigurationList = 13B1C9D0196F015E00C02F2A /* Build configuration list for PBXNativeTarget "week6Tests" */;
			buildPhases = (
				13B1C9B8196F015E00C02F2A /* Sources */,
				13B1C9B9196F015E00C02F2A /* Frameworks */,
				13B1C9BA196F015E00C02F2A /* Resources */,
			);
			buildRules = (
			);
			dependencies = (
				13B1C9C2196F015E00C02F2A /* PBXTargetDependency */,
			);
			name = week6Tests;
			productName = week6Tests;
			productReference = 13B1C9BC196F015E00C02F2A /* week6Tests.xctest */;
			productType = "com.apple.product-type.bundle.unit-test";
		};
/* End PBXNativeTarget section */

/* Begin PBXProject section */
		13B1C999196F015E00C02F2A /* Project object */ = {
			isa = PBXProject;
			attributes = {
				LastUpgradeCheck = 0510;
				ORGANIZATIONNAME = "___FULLUSERNAME___";
				TargetAttributes = {
					13B1C9BB196F015E00C02F2A = {
						TestTargetID = 13B1C9A0196F015E00C02F2A;
					};
				};
			};
			buildConfigurationList = 13B1C99C196F015E00C02F2A /* Build configuration list for PBXProject "week6" */;
			compatibilityVersion = "Xcode 3.2";
			developmentRegion = English;
			hasScannedForEncodings = 0;
			knownRegions = (
				en,
			);
			mainGroup = 13B1C998196F015E00C02F2A;
			productRefGroup = 13B1C9A2196F015E00C02F2A /* Products */;
			projectDirPath = "";
			projectRoot = "";
			targets = (
				13B1C9A0196F015E00C02F2A /* week6 */,
				13B1C9BB196F015E00C02F2A /* week6Tests */,
			);
		};
/* End PBXProject section */

/* Begin PBXResourcesBuildPhase section */
		13B1C99F196F015E00C02F2A /* Resources */ = {
			isa = PBXResourcesBuildPhase;
			buildActionMask = 2147483647;
			files = (
				13B1C9AF196F015E00C02F2A /* InfoPlist.strings in Resources */,
				13B1C9B7196F015E00C02F2A /* Images.xcassets in Resources */,
			);
			runOnlyForDeploymentPostprocessing = 0;
		};
		13B1C9BA196F015E00C02F2A /* Resources */ = {
			isa = PBXResourcesBuildPhase;
			buildActionMask = 2147483647;
			files = (
				13B1C9C8196F015E00C02F2A /* InfoPlist.strings in Resources */,
			);
			runOnlyForDeploymentPostprocessing = 0;
		};
/* End PBXResourcesBuildPhase section */

/* Begin PBXSourcesBuildPhase section */
		13B1C99D196F015E00C02F2A /* Sources */ = {
			isa = PBXSourcesBuildPhase;
			buildActionMask = 2147483647;
			files = (
				13B1C9B5196F015E00C02F2A /* AppDelegate.m in Sources */,
				13B1C9B1196F015E00C02F2A /* main.m in Sources */,
			);
			runOnlyForDeploymentPostprocessing = 0;
		};
		13B1C9B8196F015E00C02F2A /* Sources */ = {
			isa = PBXSourcesBuildPhase;
			buildActionMask = 2147483647;
			files = (
				13B1C9CA196F015E00C02F2A /* week6Tests.m in Sources */,
			);
			runOnlyForDeploymentPostprocessing = 0;
		};
/* End PBXSourcesBuildPhase section */

/* Begin PBXTargetDependency section */
		13B1C9C2196F015E00C02F2A /* PBXTargetDependency */ = {
			isa = PBXTargetDependency;
			target = 13B1C9A0196F015E00C02F2A /* week6 */;
			targetProxy = 13B1C9C1196F015E00C02F2A /* PBXContainerItemProxy */;
		};
/* End PBXTargetDependency section */

/* Begin PBXVariantGroup section */
		13B1C9AD196F015E00C02F2A /* InfoPlist.strings */ = {
			isa = PBXVariantGroup;
			children = (
				13B1C9AE196F015E00C02F2A /* en */,
			);
			name = InfoPlist.strings;
			sourceTree = "<group>";
		};
		13B1C9C6196F015E00C02F2A /* InfoPlist.strings */ = {
			isa = PBXVariantGroup;
			children = (
				13B1C9C7196F015E00C02F2A /* en */,
			);
			name = InfoPlist.strings;
			sourceTree = "<group>";
		};
/* End PBXVariantGroup section */

/* Begin XCBuildConfiguration section */
		13B1C9CB196F015E00C02F2A /* Debug */ = {
			isa = XCBuildConfiguration;
			buildSettings = {
				ALWAYS_SEARCH_USER_PATHS = NO;
				CLANG_CXX_LANGUAGE_STANDARD = "gnu++0x";
				CLANG_CXX_LIBRARY = "libc++";
				CLANG_ENABLE_MODULES = YES;
				CLANG_ENABLE_OBJC_ARC = YES;
				CLANG_WARN_BOOL_CONVERSION = YES;
				CLANG_WARN_CONSTANT_CONVERSION = YES;
				CLANG_WARN_DIRECT_OBJC_ISA_USAGE = YES_ERROR;
				CLANG_WARN_EMPTY_BODY = YES;
				CLANG_WARN_ENUM_CONVERSION = YES;
				CLANG_WARN_INT_CONVERSION = YES;
				CLANG_WARN_OBJC_ROOT_CLASS = YES_ERROR;
				CLANG_WARN__DUPLICATE_METHOD_MATCH = YES;
				"CODE_SIGN_IDENTITY[sdk=iphoneos*]" = "iPhone Developer";
				COPY_PHASE_STRIP = NO;
				GCC_C_LANGUAGE_STANDARD = gnu99;
				GCC_DYNAMIC_NO_PIC = NO;
				GCC_OPTIMIZATION_LEVEL = 0;
				GCC_PREPROCESSOR_DEFINITIONS = (
					"DEBUG=1",
					"$(inherited)",
				);
				GCC_SYMBOLS_PRIVATE_EXTERN = NO;
				GCC_WARN_64_TO_32_BIT_CONVERSION = YES;
				GCC_WARN_ABOUT_RETURN_TYPE = YES_ERROR;
				GCC_WARN_UNDECLARED_SELECTOR = YES;
				GCC_WARN_UNINITIALIZED_AUTOS = YES_AGGRESSIVE;
				GCC_WARN_UNUSED_FUNCTION = YES;
				GCC_WARN_UNUSED_VARIABLE = YES;
				IPHONEOS_DEPLOYMENT_TARGET = 7.1;
				ONLY_ACTIVE_ARCH = YES;
				SDKROOT = iphoneos;
				TARGETED_DEVICE_FAMILY = "1,2";
			};
			name = Debug;
		};
		13B1C9CC196F015E00C02F2A /* Release */ = {
			isa = XCBuildConfiguration;
			buildSettings = {
				ALWAYS_SEARCH_USER_PATHS = NO;
				CLANG_CXX_LANGUAGE_STANDARD = "gnu++0x";
				CLANG_CXX_LIBRARY = "libc++";
				CLANG_ENABLE_MODULES = YES;
				CLANG_ENABLE_OBJC_ARC = YES;
				CLANG_WARN_BOOL_CONVERSION = YES;
				CLANG_WARN_CONSTANT_CONVERSION = YES;
				CLANG_WARN_DIRECT_OBJC_ISA_USAGE = YES_ERROR;
				CLANG_WARN_EMPTY_BODY = YES;
				CLANG_WARN_ENUM_CONVERSION = YES;
				CLANG_WARN_INT_CONVERSION = YES;
				CLANG_WARN_OBJC_ROOT_CLASS = YES_ERROR;
				CLANG_WARN__DUPLICATE_METHOD_MATCH = YES;
				"CODE_SIGN_IDENTITY[sdk=iphoneos*]" = "iPhone Developer";
				COPY_PHASE_STRIP = YES;
				ENABLE_NS_ASSERTIONS = NO;
				GCC_C_LANGUAGE_STANDARD = gnu99;
				GCC_WARN_64_TO_32_BIT_CONVERSION = YES;
				GCC_WARN_ABOUT_RETURN_TYPE = YES_ERROR;
				GCC_WARN_UNDECLARED_SELECTOR = YES;
				GCC_WARN_UNINITIALIZED_AUTOS = YES_AGGRESSIVE;
				GCC_WARN_UNUSED_FUNCTION = YES;
				GCC_WARN_UNUSED_VARIABLE = YES;
				IPHONEOS_DEPLOYMENT_TARGET = 7.1;
				SDKROOT = iphoneos;
				TARGETED_DEVICE_FAMILY = "1,2";
				VALIDATE_PRODUCT = YES;
			};
			name = Release;
		};
		13B1C9CE196F015E00C02F2A /* Debug */ = {
			isa = XCBuildConfiguration;
			buildSettings = {
				ASSETCATALOG_COMPILER_APPICON_NAME = AppIcon;
				ASSETCATALOG_COMPILER_LAUNCHIMAGE_NAME = LaunchImage;
				GCC_PRECOMPILE_PREFIX_HEADER = YES;
				GCC_PREFIX_HEADER = "week6/week6-Prefix.pch";
				INFOPLIST_FILE = "week6/week6-Info.plist";
				PRODUCT_NAME = "$(TARGET_NAME)";
				WRAPPER_EXTENSION = app;
			};
			name = Debug;
		};
		13B1C9CF196F015E00C02F2A /* Release */ = {
			isa = XCBuildConfiguration;
			buildSettings = {
				ASSETCATALOG_COMPILER_APPICON_NAME = AppIcon;
				ASSETCATALOG_COMPILER_LAUNCHIMAGE_NAME = LaunchImage;
				GCC_PRECOMPILE_PREFIX_HEADER = YES;
				GCC_PREFIX_HEADER = "week6/week6-Prefix.pch";
				INFOPLIST_FILE = "week6/week6-Info.plist";
				PRODUCT_NAME = "$(TARGET_NAME)";
				WRAPPER_EXTENSION = app;
			};
			name = Release;
		};
		13B1C9D1196F015E00C02F2A /* Debug */ = {
			isa = XCBuildConfiguration;
			buildSettings = {
				BUNDLE_LOADER = "$(BUILT_PRODUCTS_DIR)/week6.app/week6";
				FRAMEWORK_SEARCH_PATHS = (
					"$(SDKROOT)/Developer/Library/Frameworks",
					"$(inherited)",
					"$(DEVELOPER_FRAMEWORKS_DIR)",
				);
				GCC_PRECOMPILE_PREFIX_HEADER = YES;
				GCC_PREFIX_HEADER = "week6/week6-Prefix.pch";
				GCC_PREPROCESSOR_DEFINITIONS = (
					"DEBUG=1",
					"$(inherited)",
				);
				INFOPLIST_FILE = "week6Tests/week6Tests-Info.plist";
				PRODUCT_NAME = "$(TARGET_NAME)";
				TEST_HOST = "$(BUNDLE_LOADER)";
				WRAPPER_EXTENSION = xctest;
			};
			name = Debug;
		};
		13B1C9D2196F015E00C02F2A /* Release */ = {
			isa = XCBuildConfiguration;
			buildSettings = {
				BUNDLE_LOADER = "$(BUILT_PRODUCTS_DIR)/week6.app/week6";
				FRAMEWORK_SEARCH_PATHS = (
					"$(SDKROOT)/Developer/Library/Frameworks",
					"$(inherited)",
					"$(DEVELOPER_FRAMEWORKS_DIR)",
				);
				GCC_PRECOMPILE_PREFIX_HEADER = YES;
				GCC_PREFIX_HEADER = "week6/week6-Prefix.pch";
				INFOPLIST_FILE = "week6Tests/week6Tests-Info.plist";
				PRODUCT_NAME = "$(TARGET_NAME)";
				TEST_HOST = "$(BUNDLE_LOADER)";
				WRAPPER_EXTENSION = xctest;
			};
			name = Release;
		};
/* End XCBuildConfiguration section */

/* Begin XCConfigurationList section */
		13B1C99C196F015E00C02F2A /* Build configuration list for PBXProject "week6" */ = {
			isa = XCConfigurationList;
			buildConfigurations = (
				13B1C9CB196F015E00C02F2A /* Debug */,
				13B1C9CC196F015E00C02F2A /* Release */,
			);
			defaultConfigurationIsVisible = 0;
			defaultConfigurationName = Release;
		};
		13B1C9CD196F015E00C02F2A /* Build configuration list for PBXNativeTarget "week6" */ = {
			isa = XCConfigurationList;
			buildConfigurations = (
				13B1C9CE196F015E00C02F2A /* Debug */,
				13B1C9CF196F015E00C02F2A /* Release */,
			);
			defaultConfigurationIsVisible = 0;
		};
		13B1C9D0196F015E00C02F2A /* Build configuration list for PBXNativeTarget "week6Tests" */ = {
			isa = XCConfigurationList;
			buildConfigurations = (
				13B1C9D1196F015E00C02F2A /* Debug */,
				13B1C9D2196F015E00C02F2A /* Release */,
			);
			defaultConfigurationIsVisible = 0;
		};
/* End XCConfigurationList section */
	};
	rootObject = 13B1C999196F015E00C02F2A /* Project object */;
}
